
Microsoft Visual Studio Solution File, Format Version 12.00
# Visual Studio Version 16
VisualStudioVersion = 16.0.31112.23
MinimumVisualStudioVersion = 10.0.40219.1
Project("{FAE04EC0-301F-11D3-BF4B-00C04F79EFBC}") = "FetchDataAPI", "FetchDataAPI\FetchDataAPI.csproj", "{07433722-DE7D-4C70-8CAE-E0DE15DBDB06}"
EndProject
Global
	GlobalSection(SolutionConfigurationPlatforms) = preSolution
		Debug|Any CPU = Debug|Any CPU
		Release|Any CPU = Release|Any CPU
	EndGlobalSection
	GlobalSection(ProjectConfigurationPlatforms) = postSolution
		{07433722-DE7D-4C70-8CAE-E0DE15DBDB06}.Debug|Any CPU.ActiveCfg = Debug|Any CPU
		{07433722-DE7D-4C70-8CAE-E0DE15DBDB06}.Debug|Any CPU.Build.0 = Debug|Any CPU
		{07433722-DE7D-4C70-8CAE-E0DE15DBDB06}.Release|Any CPU.ActiveCfg = Release|Any CPU
		{07433722-DE7D-4C70-8CAE-E0DE15DBDB06}.Release|Any CPU.Build.0 = Release|Any CPU
	EndGlobalSection
	GlobalSection(SolutionProperties) = preSolution
		HideSolutionNode = FALSE
	EndGlobalSection
	GlobalSection(ExtensibilityGlobals) = postSolution
		SolutionGuid = {445C68E7-8154-4A16-9C5E-A56E5B42E042}
	EndGlobalSection
EndGlobal
