
Microsoft Visual Studio Solution File, Format Version 12.00
# Visual Studio Version 16
VisualStudioVersion = 16.0.31112.23
MinimumVisualStudioVersion = 10.0.40219.1
Project("{FAE04EC0-301F-11D3-BF4B-00C04F79EFBC}") = "FetchData.Android", "FetchData\FetchData.Android\FetchData.Android.csproj", "{BA90A51E-FB06-4D99-97D6-838434CA554E}"
EndProject
Project("{FAE04EC0-301F-11D3-BF4B-00C04F79EFBC}") = "FetchData", "FetchData\FetchData\FetchData.csproj", "{2DFEFACA-C27F-4432-A900-657CF7AE6A6C}"
EndProject
Global
	GlobalSection(SolutionConfigurationPlatforms) = preSolution
		Debug|Any CPU = Debug|Any CPU
		Release|Any CPU = Release|Any CPU
	EndGlobalSection
	GlobalSection(ProjectConfigurationPlatforms) = postSolution
		{BA90A51E-FB06-4D99-97D6-838434CA554E}.Debug|Any CPU.ActiveCfg = Debug|Any CPU
		{BA90A51E-FB06-4D99-97D6-838434CA554E}.Debug|Any CPU.Build.0 = Debug|Any CPU
		{BA90A51E-FB06-4D99-97D6-838434CA554E}.Debug|Any CPU.Deploy.0 = Debug|Any CPU
		{BA90A51E-FB06-4D99-97D6-838434CA554E}.Release|Any CPU.ActiveCfg = Release|Any CPU
		{BA90A51E-FB06-4D99-97D6-838434CA554E}.Release|Any CPU.Build.0 = Release|Any CPU
		{BA90A51E-FB06-4D99-97D6-838434CA554E}.Release|Any CPU.Deploy.0 = Release|Any CPU
		{2DFEFACA-C27F-4432-A900-657CF7AE6A6C}.Debug|Any CPU.ActiveCfg = Debug|Any CPU
		{2DFEFACA-C27F-4432-A900-657CF7AE6A6C}.Debug|Any CPU.Build.0 = Debug|Any CPU
		{2DFEFACA-C27F-4432-A900-657CF7AE6A6C}.Debug|Any CPU.Deploy.0 = Debug|Any CPU
		{2DFEFACA-C27F-4432-A900-657CF7AE6A6C}.Release|Any CPU.ActiveCfg = Release|Any CPU
		{2DFEFACA-C27F-4432-A900-657CF7AE6A6C}.Release|Any CPU.Build.0 = Release|Any CPU
		{2DFEFACA-C27F-4432-A900-657CF7AE6A6C}.Release|Any CPU.Deploy.0 = Release|Any CPU
	EndGlobalSection
	GlobalSection(SolutionProperties) = preSolution
		HideSolutionNode = FALSE
	EndGlobalSection
	GlobalSection(ExtensibilityGlobals) = postSolution
		SolutionGuid = {DB8E3AC3-F926-415E-AB6B-D938FC20A988}
	EndGlobalSection
EndGlobal
